{
  "version": 4,
  "terraform_version": "0.14.5",
  "serial": 59,
  "lineage": "c4c18a21-eb11-113e-b7d5-2a1b237b46f4",
  "outputs": {
    "kubernetes_cluster_host": {
      "value": "34.67.121.50",
      "type": "string"
    },
    "kubernetes_cluster_name": {
      "value": "atomic-kit-236110-gke",
      "type": "string"
    },
    "project_id": {
      "value": "atomic-kit-236110",
      "type": "string"
    },
    "region": {
      "value": "us-central1",
      "type": "string"
    }
  },
  "resources": [
    {
      "mode": "managed",
      "type": "google_compute_network",
      "name": "vpc",
      "provider": "provider[\"registry.terraform.io/hashicorp/google\"]",
      "instances": [
        {
          "schema_version": 0,
          "attributes": {
            "auto_create_subnetworks": false,
            "delete_default_routes_on_create": false,
            "description": "",
            "gateway_ipv4": "",
            "id": "projects/atomic-kit-236110/global/networks/atomic-kit-236110-vpc",
            "mtu": 0,
            "name": "atomic-kit-236110-vpc",
            "project": "atomic-kit-236110",
            "routing_mode": "REGIONAL",
            "self_link": "https://www.googleapis.com/compute/v1/projects/atomic-kit-236110/global/networks/atomic-kit-236110-vpc",
            "timeouts": null
          },
          "sensitive_attributes": [],
          "private": "eyJlMmJmYjczMC1lY2FhLTExZTYtOGY4OC0zNDM2M2JjN2M0YzAiOnsiY3JlYXRlIjoyNDAwMDAwMDAwMDAsImRlbGV0ZSI6MjQwMDAwMDAwMDAwLCJ1cGRhdGUiOjI0MDAwMDAwMDAwMH19"
        }
      ]
    },
    {
      "mode": "managed",
      "type": "google_compute_subnetwork",
      "name": "subnet",
      "provider": "provider[\"registry.terraform.io/hashicorp/google\"]",
      "instances": [
        {
          "schema_version": 0,
          "attributes": {
            "creation_timestamp": "2021-07-19T12:25:46.244-07:00",
            "description": "",
            "fingerprint": null,
            "gateway_address": "10.10.0.1",
            "id": "projects/atomic-kit-236110/regions/us-central1/subnetworks/atomic-kit-236110-subnet",
            "ip_cidr_range": "10.10.0.0/24",
            "log_config": [],
            "name": "atomic-kit-236110-subnet",
            "network": "https://www.googleapis.com/compute/v1/projects/atomic-kit-236110/global/networks/atomic-kit-236110-vpc",
            "private_ip_google_access": false,
            "private_ipv6_google_access": "DISABLE_GOOGLE_ACCESS",
            "project": "atomic-kit-236110",
            "region": "us-central1",
            "secondary_ip_range": [],
            "self_link": "https://www.googleapis.com/compute/v1/projects/atomic-kit-236110/regions/us-central1/subnetworks/atomic-kit-236110-subnet",
            "timeouts": null
          },
          "sensitive_attributes": [],
          "private": "eyJlMmJmYjczMC1lY2FhLTExZTYtOGY4OC0zNDM2M2JjN2M0YzAiOnsiY3JlYXRlIjozNjAwMDAwMDAwMDAsImRlbGV0ZSI6MzYwMDAwMDAwMDAwLCJ1cGRhdGUiOjM2MDAwMDAwMDAwMH19",
          "dependencies": [
            "google_compute_network.vpc"
          ]
        }
      ]
    },
    {
      "mode": "managed",
      "type": "google_container_cluster",
      "name": "primary",
      "provider": "provider[\"registry.terraform.io/hashicorp/google\"]",
      "instances": [
        {
          "schema_version": 1,
          "attributes": {
            "addons_config": [
              {
                "cloudrun_config": [],
                "horizontal_pod_autoscaling": [],
                "http_load_balancing": [],
                "network_policy_config": [
                  {
                    "disabled": true
                  }
                ]
              }
            ],
            "authenticator_groups_config": [],
            "cluster_autoscaling": [
              {
                "auto_provisioning_defaults": [],
                "enabled": false,
                "resource_limits": []
              }
            ],
            "cluster_ipv4_cidr": "10.236.0.0/14",
            "database_encryption": [
              {
                "key_name": "",
                "state": "DECRYPTED"
              }
            ],
            "datapath_provider": "",
            "default_max_pods_per_node": null,
            "default_snat_status": [
              {
                "disabled": false
              }
            ],
            "description": "",
            "enable_autopilot": false,
            "enable_binary_authorization": false,
            "enable_intranode_visibility": false,
            "enable_kubernetes_alpha": false,
            "enable_legacy_abac": false,
            "enable_shielded_nodes": false,
            "enable_tpu": false,
            "endpoint": "34.67.121.50",
            "id": "projects/atomic-kit-236110/locations/us-central1/clusters/atomic-kit-236110-gke",
            "initial_node_count": 1,
            "instance_group_urls": [],
            "ip_allocation_policy": [],
            "label_fingerprint": "a9dc16a7",
            "location": "us-central1",
            "logging_service": "logging.googleapis.com/kubernetes",
            "maintenance_policy": [],
            "master_auth": [
              {
                "client_certificate": "",
                "client_certificate_config": [
                  {
                    "issue_client_certificate": false
                  }
                ],
                "client_key": "",
                "cluster_ca_certificate": "LS0tLS1CRUdJTiBDRVJUSUZJQ0FURS0tLS0tCk1JSURLakNDQWhLZ0F3SUJBZ0lRZWdINk9LbzBodFpUdFYzMjN3dVlrekFOQmdrcWhraUc5dzBCQVFzRkFEQXYKTVMwd0t3WURWUVFERXlRNVpXTXpabUV5TWkwMU9UaGtMVFJoTURrdE9HUXpPQzB5WkdabU9XWTVOR1kzWXpJdwpIaGNOTWpFd056RTVNVGd5TmpBNVdoY05Nall3TnpFNE1Ua3lOakE1V2pBdk1TMHdLd1lEVlFRREV5UTVaV016ClptRXlNaTAxT1Roa0xUUmhNRGt0T0dRek9DMHlaR1ptT1dZNU5HWTNZekl3Z2dFaU1BMEdDU3FHU0liM0RRRUIKQVFVQUE0SUJEd0F3Z2dFS0FvSUJBUURoT0haVVQwUnE2d2d0TXZ5RE1LMGlTZEpYV3lrb2dHaDhycStqUytyVApBd2h5b2xNNmJOb0MrRUVTNlFEazkvblNSZlJDUjk0OFNnM2lWUlQvVnJ5QXRhc3ExU1pXaXFLb09mQWhiaXNKCmpjOCtLQm5veXczcEhTR3JqeHo3eHRsTGRFUHAvTFN2c2lpcG5RUWcyQTFkTzEvTnFLcnJLYUt1UFZSOW9MU2gKZVovSG5XZUExL3hsWHd5OHE5REZXU09MYTIrbzhkRE9GQmh3anZvc0Z3Y21pMUFDN2hFdHd4K0pVVUUvdlBodQpDTEhQd3JOemJGSVc5TUFQK3FuUjc5d0pZSlpsdXF3MEJDYTNuYXRHNXJOU1VTRGluSmo4cVNGLzVudGNhSktWCkFtdEVsRjc2NkpzM05LY2NGdVA2UEhra3N6QWw2bENxbXY3ZzBTNUpSOUdwQWdNQkFBR2pRakJBTUE0R0ExVWQKRHdFQi93UUVBd0lDQkRBUEJnTlZIUk1CQWY4RUJUQURBUUgvTUIwR0ExVWREZ1FXQkJRV1JDRGJYOTVLKytQRgp1US9oUTJYSnJxTmU2akFOQmdrcWhraUc5dzBCQVFzRkFBT0NBUUVBaWVJMzczYUVCOEQycUpwUGtyN0tlZmp2CkgxQUl5NHp2TGdkVUhUV0d6RENQNU9wY1pVVFRvdjQ0T0VJV24zQjNqMHArY0NpSGJBSm9nM0NKbkxZbk5DVGoKS1VqYWZDQVdacnZjRkI3TXdKTHFoU3dGQ1VyaTdBU0dDdzkwdnhRTnI2MmRSNHRKL0dIdWx0WDVnSzUzaHVzZQpUSDRZY0liZVZRem1XQ1RFdU04aklmeHdUYTNaMk1OVGkxU2FOMDRHUUpzRUpvcG1QSXVvbml4amdWNWRqeWgzCk9iNm1Qc0RVOUpaSkN6Tkc3SVk4ZGtqTHg1RWlVSWFiU090Q29kQmxZaXpDN2E1VEIrb0ZObm9uSVdMMXJxZVIKd3Y1eHppM0g0V21JYzIxZnU0UzlONHR4QlZGV0p4RHFlakRHb2p5WGJoNlQwUjVqWUx6YzdIK3p6ejB5UkE9PQotLS0tLUVORCBDRVJUSUZJQ0FURS0tLS0tCg==",
                "password": "",
                "username": ""
              }
            ],
            "master_authorized_networks_config": [],
            "master_version": "1.19.9-gke.1900",
            "min_master_version": null,
            "monitoring_service": "monitoring.googleapis.com/kubernetes",
            "name": "atomic-kit-236110-gke",
            "network": "projects/atomic-kit-236110/global/networks/atomic-kit-236110-vpc",
            "network_policy": [
              {
                "enabled": false,
                "provider": "PROVIDER_UNSPECIFIED"
              }
            ],
            "networking_mode": "ROUTES",
            "node_config": [],
            "node_locations": [
              "us-central1-a"
            ],
            "node_pool": [],
            "node_version": "1.19.9-gke.1900",
            "operation": null,
            "pod_security_policy_config": [],
            "private_cluster_config": [],
            "private_ipv6_google_access": "",
            "project": "atomic-kit-236110",
            "release_channel": [
              {
                "channel": "REGULAR"
              }
            ],
            "remove_default_node_pool": true,
            "resource_labels": null,
            "resource_usage_export_config": [],
            "self_link": "https://container.googleapis.com/v1beta1/projects/atomic-kit-236110/locations/us-central1/clusters/atomic-kit-236110-gke",
            "services_ipv4_cidr": "10.239.240.0/20",
            "subnetwork": "projects/atomic-kit-236110/regions/us-central1/subnetworks/atomic-kit-236110-subnet",
            "timeouts": null,
            "tpu_ipv4_cidr_block": "",
            "vertical_pod_autoscaling": [],
            "workload_identity_config": []
          },
          "sensitive_attributes": [],
          "private": "eyJlMmJmYjczMC1lY2FhLTExZTYtOGY4OC0zNDM2M2JjN2M0YzAiOnsiY3JlYXRlIjoyNDAwMDAwMDAwMDAwLCJkZWxldGUiOjI0MDAwMDAwMDAwMDAsInJlYWQiOjI0MDAwMDAwMDAwMDAsInVwZGF0ZSI6MzYwMDAwMDAwMDAwMH0sInNjaGVtYV92ZXJzaW9uIjoiMSJ9",
          "dependencies": [
            "google_compute_network.vpc",
            "google_compute_subnetwork.subnet"
          ]
        }
      ]
    },
    {
      "mode": "managed",
      "type": "google_container_node_pool",
      "name": "primary_nodes",
      "provider": "provider[\"registry.terraform.io/hashicorp/google\"]",
      "instances": [
        {
          "schema_version": 1,
          "attributes": {
            "autoscaling": [
              {
                "max_node_count": 3,
                "min_node_count": 1
              }
            ],
            "cluster": "atomic-kit-236110-gke",
            "id": "projects/atomic-kit-236110/locations/us-central1/clusters/atomic-kit-236110-gke/nodePools/atomic-kit-236110-gke-node-pool",
            "initial_node_count": 1,
            "instance_group_urls": [
              "https://www.googleapis.com/compute/v1/projects/atomic-kit-236110/zones/us-central1-a/instanceGroupManagers/gke-atomic-kit-23611-atomic-kit-23611-d57e15e0-grp"
            ],
            "location": "us-central1",
            "management": [
              {
                "auto_repair": true,
                "auto_upgrade": true
              }
            ],
            "max_pods_per_node": null,
            "name": "atomic-kit-236110-gke-node-pool",
            "name_prefix": "",
            "node_config": [
              {
                "disk_size_gb": 100,
                "disk_type": "pd-standard",
                "guest_accelerator": [],
                "image_type": "COS_CONTAINERD",
                "labels": {
                  "env": "atomic-kit-236110"
                },
                "local_ssd_count": 0,
                "machine_type": "n1-standard-1",
                "metadata": {
                  "disable-legacy-endpoints": "true"
                },
                "min_cpu_platform": "",
                "oauth_scopes": [
                  "https://www.googleapis.com/auth/logging.write",
                  "https://www.googleapis.com/auth/monitoring"
                ],
                "preemptible": false,
                "service_account": "default",
                "shielded_instance_config": [
                  {
                    "enable_integrity_monitoring": true,
                    "enable_secure_boot": false
                  }
                ],
                "tags": [
                  "gke-node",
                  "atomic-kit-236110-gke"
                ],
                "taint": [],
                "workload_metadata_config": []
              }
            ],
            "node_count": 1,
            "node_locations": [
              "us-central1-a"
            ],
            "operation": null,
            "project": "atomic-kit-236110",
            "timeouts": null,
            "upgrade_settings": [
              {
                "max_surge": 1,
                "max_unavailable": 0
              }
            ],
            "version": "1.19.9-gke.1900"
          },
          "sensitive_attributes": [],
          "private": "eyJlMmJmYjczMC1lY2FhLTExZTYtOGY4OC0zNDM2M2JjN2M0YzAiOnsiY3JlYXRlIjoxODAwMDAwMDAwMDAwLCJkZWxldGUiOjE4MDAwMDAwMDAwMDAsInVwZGF0ZSI6MTgwMDAwMDAwMDAwMH0sInNjaGVtYV92ZXJzaW9uIjoiMSJ9",
          "dependencies": [
            "google_compute_network.vpc",
            "google_compute_subnetwork.subnet",
            "google_container_cluster.primary"
          ]
        }
      ]
    }
  ]
}
